
Microsoft Visual Studio Solution File, Format Version 12.00
# Visual Studio Version 16
VisualStudioVersion = 16.0.29920.165
MinimumVisualStudioVersion = 10.0.40219.1
Project("{FAE04EC0-301F-11D3-BF4B-00C04F79EFBC}") = "AquilaVisualServerApplication", "VisualServerApplication\AquilaVisualServerApplication.csproj", "{1C15F2B2-A0AE-4C1C-BCCD-A0735261784E}"
EndProject
Project("{FAE04EC0-301F-11D3-BF4B-00C04F79EFBC}") = "AquilaErpWpfApp3", "VisualErpWpfApp\AquilaErpWpfApp3.csproj", "{73D858D7-92C9-4280-8563-A2052DD8FDD7}"
EndProject
Project("{FAE04EC0-301F-11D3-BF4B-00C04F79EFBC}") = "ModelsLibrary", "ModelsLibrary\ModelsLibrary.csproj", "{45F964FF-989E-473F-83E5-4C5B6AB3B834}"
EndProject
Project("{FAE04EC0-301F-11D3-BF4B-00C04F79EFBC}") = "RoBoConVisualServerApplication", "RoBoConServerApplication\RoBoConVisualServerApplication.csproj", "{60A459C1-9EDE-4D66-8E48-3176CB891514}"
EndProject
Global
	GlobalSection(SolutionConfigurationPlatforms) = preSolution
		Debug|Any CPU = Debug|Any CPU
		Release|Any CPU = Release|Any CPU
	EndGlobalSection
	GlobalSection(ProjectConfigurationPlatforms) = postSolution
		{1C15F2B2-A0AE-4C1C-BCCD-A0735261784E}.Debug|Any CPU.ActiveCfg = Debug|Any CPU
		{1C15F2B2-A0AE-4C1C-BCCD-A0735261784E}.Debug|Any CPU.Build.0 = Debug|Any CPU
		{1C15F2B2-A0AE-4C1C-BCCD-A0735261784E}.Release|Any CPU.ActiveCfg = Release|Any CPU
		{1C15F2B2-A0AE-4C1C-BCCD-A0735261784E}.Release|Any CPU.Build.0 = Release|Any CPU
		{73D858D7-92C9-4280-8563-A2052DD8FDD7}.Debug|Any CPU.ActiveCfg = Debug|Any CPU
		{73D858D7-92C9-4280-8563-A2052DD8FDD7}.Debug|Any CPU.Build.0 = Debug|Any CPU
		{73D858D7-92C9-4280-8563-A2052DD8FDD7}.Release|Any CPU.ActiveCfg = Release|Any CPU
		{73D858D7-92C9-4280-8563-A2052DD8FDD7}.Release|Any CPU.Build.0 = Release|Any CPU
		{45F964FF-989E-473F-83E5-4C5B6AB3B834}.Debug|Any CPU.ActiveCfg = Debug|Any CPU
		{45F964FF-989E-473F-83E5-4C5B6AB3B834}.Debug|Any CPU.Build.0 = Debug|Any CPU
		{45F964FF-989E-473F-83E5-4C5B6AB3B834}.Release|Any CPU.ActiveCfg = Release|Any CPU
		{45F964FF-989E-473F-83E5-4C5B6AB3B834}.Release|Any CPU.Build.0 = Release|Any CPU
		{60A459C1-9EDE-4D66-8E48-3176CB891514}.Debug|Any CPU.ActiveCfg = Debug|Any CPU
		{60A459C1-9EDE-4D66-8E48-3176CB891514}.Debug|Any CPU.Build.0 = Debug|Any CPU
		{60A459C1-9EDE-4D66-8E48-3176CB891514}.Release|Any CPU.ActiveCfg = Release|Any CPU
		{60A459C1-9EDE-4D66-8E48-3176CB891514}.Release|Any CPU.Build.0 = Release|Any CPU
	EndGlobalSection
	GlobalSection(SolutionProperties) = preSolution
		HideSolutionNode = FALSE
	EndGlobalSection
	GlobalSection(ExtensibilityGlobals) = postSolution
		SolutionGuid = {CF5C654D-0AAC-4AA6-9415-FE22637B0481}
	EndGlobalSection
	GlobalSection(SubversionScc) = preSolution
		Svn-Managed = True
		Manager = AnkhSVN2019 - Subversion Support for Visual Studio
	EndGlobalSection
EndGlobal
